{
  "pins" : [
    {
      "identity" : "cbass",
      "kind" : "remoteSourceControl",
      "location" : "https://github.com/Treata11/CBass",
      "state" : {
        "branch" : "main",
        "revision" : "d1c290c706b60af7d286f3596152e68404f1e1cb"
      }
    },
    {
      "identity" : "ishader",
      "kind" : "remoteSourceControl",
      "location" : "https://github.com/Treata11/iShader/",
      "state" : {
        "branch" : "main",
        "revision" : "90d9ea05188ca873e5201b6d892f61e0e59ecea3"
      }
    }
  ],
  "version" : 2
}
