{
  "pins" : [
    {
      "identity" : "cbass",
      "kind" : "remoteSourceControl",
      "location" : "https://github.com/Treata11/CBass",
      "state" : {
        "branch" : "main",
        "revision" : "d1c290c706b60af7d286f3596152e68404f1e1cb"
      }
    },
    {
      "identity" : "ishader",
      "kind" : "remoteSourceControl",
      "location" : "https://github.com/Treata11/iShader/",
      "state" : {
        "branch" : "main",
        "revision" : "a3228dcfb776bffd4f55001ba4e7a4e22b4cda70"
      }
    }
  ],
  "version" : 2
}
