{
  "pins" : [
    {
      "identity" : "cbass",
      "kind" : "remoteSourceControl",
      "location" : "https://github.com/Treata11/CBass",
      "state" : {
        "branch" : "main",
        "revision" : "a1ab2661d90d7eb70fc2045ac51ffa608bb9c7f3"
      }
    },
    {
      "identity" : "ishader",
      "kind" : "remoteSourceControl",
      "location" : "https://github.com/Treata11/iShader/",
      "state" : {
        "branch" : "main",
        "revision" : "4f714d99567ebbefcc06ab299795760134c6e317"
      }
    }
  ],
  "version" : 2
}
